
Microsoft Visual Studio Solution File, Format Version 12.00
# Visual Studio 15
VisualStudioVersion = 15.0.28010.2016
MinimumVisualStudioVersion = 10.0.40219.1
Project("{FAE04EC0-301F-11D3-BF4B-00C04F79EFBC}") = "test_git", "test_git\test_git.csproj", "{DCD4289D-6DEB-4437-8D71-24A8A3ED6D63}"
EndProject
Global
	GlobalSection(SolutionConfigurationPlatforms) = preSolution
		Debug|Any CPU = Debug|Any CPU
		Release|Any CPU = Release|Any CPU
	EndGlobalSection
	GlobalSection(ProjectConfigurationPlatforms) = postSolution
		{DCD4289D-6DEB-4437-8D71-24A8A3ED6D63}.Debug|Any CPU.ActiveCfg = Debug|Any CPU
		{DCD4289D-6DEB-4437-8D71-24A8A3ED6D63}.Debug|Any CPU.Build.0 = Debug|Any CPU
		{DCD4289D-6DEB-4437-8D71-24A8A3ED6D63}.Release|Any CPU.ActiveCfg = Release|Any CPU
		{DCD4289D-6DEB-4437-8D71-24A8A3ED6D63}.Release|Any CPU.Build.0 = Release|Any CPU
	EndGlobalSection
	GlobalSection(SolutionProperties) = preSolution
		HideSolutionNode = FALSE
	EndGlobalSection
	GlobalSection(ExtensibilityGlobals) = postSolution
		SolutionGuid = {FFEBEED1-E316-41F8-8E38-5800CCA9D6B0}
	EndGlobalSection
EndGlobal
